
Microsoft Visual Studio Solution File, Format Version 12.00
# Visual Studio Version 17
VisualStudioVersion = 17.6.33829.357
MinimumVisualStudioVersion = 10.0.40219.1
Project("{2150E333-8FDC-42A3-9474-1A3956D46DE8}") = "Service", "Service", "{D2AF700C-E628-4D54-AE08-DB3BC99FF61E}"
EndProject
Project("{9A19103F-16F7-4668-BE54-9A1E7A4F7556}") = "SampleProject.API", "SampleProject.API\SampleProject.API.csproj", "{AF3490FD-AE5B-401B-BFEE-2E1884EE2A2B}"
EndProject
Project("{9A19103F-16F7-4668-BE54-9A1E7A4F7556}") = "SampleProject.Application", "SampleProject.Application\SampleProject.Application.csproj", "{452962E8-852F-4289-9432-E4B58CFDD116}"
EndProject
Project("{9A19103F-16F7-4668-BE54-9A1E7A4F7556}") = "SampleProject.Core", "SampleProject.Core\SampleProject.Domain.csproj", "{886688D2-9F06-46F4-9850-5387C02FAC5F}"
EndProject
Project("{9A19103F-16F7-4668-BE54-9A1E7A4F7556}") = "SampleProject.Infrastructure", "SampleProject.Infrastructure\SampleProject.Infrastructure.csproj", "{9EE076B7-333F-4767-B468-284818855B8A}"
EndProject
Project("{2150E333-8FDC-42A3-9474-1A3956D46DE8}") = "src", "src", "{24A83527-7DC0-4513-A745-024168B0EFD7}"
EndProject
Project("{2150E333-8FDC-42A3-9474-1A3956D46DE8}") = "tests", "tests", "{75757AD6-B315-49E8-9B26-9C07C16B243A}"
EndProject
Project("{9A19103F-16F7-4668-BE54-9A1E7A4F7556}") = "Application.FunctionalTests", "..\Tests\Application.FunctionalTests\Application.FunctionalTests.csproj", "{C69837EC-1EFC-4AAB-82F7-3B72999E0F1F}"
EndProject
Project("{9A19103F-16F7-4668-BE54-9A1E7A4F7556}") = "Application.UnitTests", "Application.UnitTests\Application.UnitTests.csproj", "{E186045A-5116-48B1-ABE1-990D6AB04C3B}"
EndProject
Project("{9A19103F-16F7-4668-BE54-9A1E7A4F7556}") = "Domain.UnitTests", "Domain.UnitTests\Domain.UnitTests.csproj", "{8D0A52E2-F57D-4C97-8351-FCF62BC99BF0}"
EndProject
Project("{2150E333-8FDC-42A3-9474-1A3956D46DE8}") = "ApiGateways", "ApiGateways", "{4DEAFF28-9738-4653-947E-76CFA46F0A6C}"
EndProject
Global
	GlobalSection(SolutionConfigurationPlatforms) = preSolution
		Debug|Any CPU = Debug|Any CPU
		Release|Any CPU = Release|Any CPU
	EndGlobalSection
	GlobalSection(ProjectConfigurationPlatforms) = postSolution
		{AF3490FD-AE5B-401B-BFEE-2E1884EE2A2B}.Debug|Any CPU.ActiveCfg = Debug|Any CPU
		{AF3490FD-AE5B-401B-BFEE-2E1884EE2A2B}.Debug|Any CPU.Build.0 = Debug|Any CPU
		{AF3490FD-AE5B-401B-BFEE-2E1884EE2A2B}.Release|Any CPU.ActiveCfg = Release|Any CPU
		{AF3490FD-AE5B-401B-BFEE-2E1884EE2A2B}.Release|Any CPU.Build.0 = Release|Any CPU
		{452962E8-852F-4289-9432-E4B58CFDD116}.Debug|Any CPU.ActiveCfg = Debug|Any CPU
		{452962E8-852F-4289-9432-E4B58CFDD116}.Debug|Any CPU.Build.0 = Debug|Any CPU
		{452962E8-852F-4289-9432-E4B58CFDD116}.Release|Any CPU.ActiveCfg = Release|Any CPU
		{452962E8-852F-4289-9432-E4B58CFDD116}.Release|Any CPU.Build.0 = Release|Any CPU
		{886688D2-9F06-46F4-9850-5387C02FAC5F}.Debug|Any CPU.ActiveCfg = Debug|Any CPU
		{886688D2-9F06-46F4-9850-5387C02FAC5F}.Debug|Any CPU.Build.0 = Debug|Any CPU
		{886688D2-9F06-46F4-9850-5387C02FAC5F}.Release|Any CPU.ActiveCfg = Release|Any CPU
		{886688D2-9F06-46F4-9850-5387C02FAC5F}.Release|Any CPU.Build.0 = Release|Any CPU
		{9EE076B7-333F-4767-B468-284818855B8A}.Debug|Any CPU.ActiveCfg = Debug|Any CPU
		{9EE076B7-333F-4767-B468-284818855B8A}.Debug|Any CPU.Build.0 = Debug|Any CPU
		{9EE076B7-333F-4767-B468-284818855B8A}.Release|Any CPU.ActiveCfg = Release|Any CPU
		{9EE076B7-333F-4767-B468-284818855B8A}.Release|Any CPU.Build.0 = Release|Any CPU
		{C69837EC-1EFC-4AAB-82F7-3B72999E0F1F}.Debug|Any CPU.ActiveCfg = Debug|Any CPU
		{C69837EC-1EFC-4AAB-82F7-3B72999E0F1F}.Debug|Any CPU.Build.0 = Debug|Any CPU
		{C69837EC-1EFC-4AAB-82F7-3B72999E0F1F}.Release|Any CPU.ActiveCfg = Release|Any CPU
		{C69837EC-1EFC-4AAB-82F7-3B72999E0F1F}.Release|Any CPU.Build.0 = Release|Any CPU
		{E186045A-5116-48B1-ABE1-990D6AB04C3B}.Debug|Any CPU.ActiveCfg = Debug|Any CPU
		{E186045A-5116-48B1-ABE1-990D6AB04C3B}.Debug|Any CPU.Build.0 = Debug|Any CPU
		{E186045A-5116-48B1-ABE1-990D6AB04C3B}.Release|Any CPU.ActiveCfg = Release|Any CPU
		{E186045A-5116-48B1-ABE1-990D6AB04C3B}.Release|Any CPU.Build.0 = Release|Any CPU
		{8D0A52E2-F57D-4C97-8351-FCF62BC99BF0}.Debug|Any CPU.ActiveCfg = Debug|Any CPU
		{8D0A52E2-F57D-4C97-8351-FCF62BC99BF0}.Debug|Any CPU.Build.0 = Debug|Any CPU
		{8D0A52E2-F57D-4C97-8351-FCF62BC99BF0}.Release|Any CPU.ActiveCfg = Release|Any CPU
		{8D0A52E2-F57D-4C97-8351-FCF62BC99BF0}.Release|Any CPU.Build.0 = Release|Any CPU
	EndGlobalSection
	GlobalSection(SolutionProperties) = preSolution
		HideSolutionNode = FALSE
	EndGlobalSection
	GlobalSection(NestedProjects) = preSolution
		{D2AF700C-E628-4D54-AE08-DB3BC99FF61E} = {24A83527-7DC0-4513-A745-024168B0EFD7}
		{AF3490FD-AE5B-401B-BFEE-2E1884EE2A2B} = {D2AF700C-E628-4D54-AE08-DB3BC99FF61E}
		{452962E8-852F-4289-9432-E4B58CFDD116} = {D2AF700C-E628-4D54-AE08-DB3BC99FF61E}
		{886688D2-9F06-46F4-9850-5387C02FAC5F} = {D2AF700C-E628-4D54-AE08-DB3BC99FF61E}
		{9EE076B7-333F-4767-B468-284818855B8A} = {D2AF700C-E628-4D54-AE08-DB3BC99FF61E}
		{C69837EC-1EFC-4AAB-82F7-3B72999E0F1F} = {75757AD6-B315-49E8-9B26-9C07C16B243A}
		{E186045A-5116-48B1-ABE1-990D6AB04C3B} = {75757AD6-B315-49E8-9B26-9C07C16B243A}
		{8D0A52E2-F57D-4C97-8351-FCF62BC99BF0} = {75757AD6-B315-49E8-9B26-9C07C16B243A}
		{4DEAFF28-9738-4653-947E-76CFA46F0A6C} = {24A83527-7DC0-4513-A745-024168B0EFD7}
	EndGlobalSection
	GlobalSection(ExtensibilityGlobals) = postSolution
		SolutionGuid = {DCA7DEBD-33D8-4F57-B61D-F7A5CFCB191C}
	EndGlobalSection
EndGlobal
